
Microsoft Visual Studio Solution File, Format Version 12.00
# Visual Studio Version 17
VisualStudioVersion = 17.13.35818.85 d17.13
MinimumVisualStudioVersion = 10.0.40219.1
Project("{FAE04EC0-301F-11D3-BF4B-00C04F79EFBC}") = "Ejercicio 4", "Ejercicio 4.csproj", "{7B9FC6F4-3E6B-41DD-BD7B-31C55BD36586}"
EndProject
Global
	GlobalSection(SolutionConfigurationPlatforms) = preSolution
		Debug|Any CPU = Debug|Any CPU
		Release|Any CPU = Release|Any CPU
	EndGlobalSection
	GlobalSection(ProjectConfigurationPlatforms) = postSolution
		{7B9FC6F4-3E6B-41DD-BD7B-31C55BD36586}.Debug|Any CPU.ActiveCfg = Debug|Any CPU
		{7B9FC6F4-3E6B-41DD-BD7B-31C55BD36586}.Debug|Any CPU.Build.0 = Debug|Any CPU
		{7B9FC6F4-3E6B-41DD-BD7B-31C55BD36586}.Release|Any CPU.ActiveCfg = Release|Any CPU
		{7B9FC6F4-3E6B-41DD-BD7B-31C55BD36586}.Release|Any CPU.Build.0 = Release|Any CPU
	EndGlobalSection
	GlobalSection(SolutionProperties) = preSolution
		HideSolutionNode = FALSE
	EndGlobalSection
	GlobalSection(ExtensibilityGlobals) = postSolution
		SolutionGuid = {5CBC948B-8CF1-422C-8416-7CC1F85498E3}
	EndGlobalSection
EndGlobal
